
Microsoft Visual Studio Solution File, Format Version 12.00
# Visual Studio Version 17
VisualStudioVersion = 17.0.31903.59
MinimumVisualStudioVersion = 10.0.40219.1
Project("{FAE04EC0-301F-11D3-BF4B-00C04F79EFBC}") = "MarkDownTakingApi", "MarkDownTakingAPI\MarkDownTakingApi.csproj", "{09E6BE0F-0979-43DE-8FFE-D406CB921AB6}"
EndProject
Project("{FAE04EC0-301F-11D3-BF4B-00C04F79EFBC}") = "MarkDownTakingFrontEnd", "MarkDownTakingFrontEnd\MarkDownTakingFrontEnd.csproj", "{1E2E937C-BFC3-48AE-8CCB-9E93C2BA1F7B}"
EndProject
Global
	GlobalSection(SolutionConfigurationPlatforms) = preSolution
		Debug|Any CPU = Debug|Any CPU
		Release|Any CPU = Release|Any CPU
	EndGlobalSection
	GlobalSection(SolutionProperties) = preSolution
		HideSolutionNode = FALSE
	EndGlobalSection
	GlobalSection(ProjectConfigurationPlatforms) = postSolution
		{09E6BE0F-0979-43DE-8FFE-D406CB921AB6}.Debug|Any CPU.ActiveCfg = Debug|Any CPU
		{09E6BE0F-0979-43DE-8FFE-D406CB921AB6}.Debug|Any CPU.Build.0 = Debug|Any CPU
		{09E6BE0F-0979-43DE-8FFE-D406CB921AB6}.Release|Any CPU.ActiveCfg = Release|Any CPU
		{09E6BE0F-0979-43DE-8FFE-D406CB921AB6}.Release|Any CPU.Build.0 = Release|Any CPU
		{1E2E937C-BFC3-48AE-8CCB-9E93C2BA1F7B}.Debug|Any CPU.ActiveCfg = Debug|Any CPU
		{1E2E937C-BFC3-48AE-8CCB-9E93C2BA1F7B}.Debug|Any CPU.Build.0 = Debug|Any CPU
		{1E2E937C-BFC3-48AE-8CCB-9E93C2BA1F7B}.Release|Any CPU.ActiveCfg = Release|Any CPU
		{1E2E937C-BFC3-48AE-8CCB-9E93C2BA1F7B}.Release|Any CPU.Build.0 = Release|Any CPU
	EndGlobalSection
EndGlobal
